
Microsoft Visual Studio Solution File, Format Version 12.00
# Visual Studio Version 16
VisualStudioVersion = 16.0.31424.327
MinimumVisualStudioVersion = 10.0.40219.1
Project("{9A19103F-16F7-4668-BE54-9A1E7A4F7556}") = "AreaCalculatorLibrary", "AreaCalculator\AreaCalculatorLibrary.csproj", "{0DCB1767-2254-4ABC-BDB6-C11F2E512F79}"
EndProject
Project("{9A19103F-16F7-4668-BE54-9A1E7A4F7556}") = "AreaCalculatorTests", "AreaCalculatorTests\AreaCalculatorTests.csproj", "{E97D2863-AE59-4CC4-9490-5EA5C167CE71}"
EndProject
Global
	GlobalSection(SolutionConfigurationPlatforms) = preSolution
		Debug|Any CPU = Debug|Any CPU
		Release|Any CPU = Release|Any CPU
	EndGlobalSection
	GlobalSection(ProjectConfigurationPlatforms) = postSolution
		{0DCB1767-2254-4ABC-BDB6-C11F2E512F79}.Debug|Any CPU.ActiveCfg = Debug|Any CPU
		{0DCB1767-2254-4ABC-BDB6-C11F2E512F79}.Debug|Any CPU.Build.0 = Debug|Any CPU
		{0DCB1767-2254-4ABC-BDB6-C11F2E512F79}.Release|Any CPU.ActiveCfg = Release|Any CPU
		{0DCB1767-2254-4ABC-BDB6-C11F2E512F79}.Release|Any CPU.Build.0 = Release|Any CPU
		{E97D2863-AE59-4CC4-9490-5EA5C167CE71}.Debug|Any CPU.ActiveCfg = Debug|Any CPU
		{E97D2863-AE59-4CC4-9490-5EA5C167CE71}.Debug|Any CPU.Build.0 = Debug|Any CPU
		{E97D2863-AE59-4CC4-9490-5EA5C167CE71}.Release|Any CPU.ActiveCfg = Release|Any CPU
		{E97D2863-AE59-4CC4-9490-5EA5C167CE71}.Release|Any CPU.Build.0 = Release|Any CPU
	EndGlobalSection
	GlobalSection(SolutionProperties) = preSolution
		HideSolutionNode = FALSE
	EndGlobalSection
	GlobalSection(ExtensibilityGlobals) = postSolution
		SolutionGuid = {EE72D1BC-72ED-4316-AFF8-E447CC16AF47}
	EndGlobalSection
EndGlobal
